
Microsoft Visual Studio Solution File, Format Version 12.00
# Visual Studio Version 17
VisualStudioVersion = 17.4.33122.133
MinimumVisualStudioVersion = 10.0.40219.1
Project("{FAE04EC0-301F-11D3-BF4B-00C04F79EFBC}") = "UtilitiesCore", "UtilitiesCore\UtilitiesCore.csproj", "{F6893F6F-703C-4DCD-A145-2367BE8733CC}"
EndProject
Global
	GlobalSection(SolutionConfigurationPlatforms) = preSolution
		Debug|Any CPU = Debug|Any CPU
		Release|Any CPU = Release|Any CPU
	EndGlobalSection
	GlobalSection(ProjectConfigurationPlatforms) = postSolution
		{F6893F6F-703C-4DCD-A145-2367BE8733CC}.Debug|Any CPU.ActiveCfg = Debug|Any CPU
		{F6893F6F-703C-4DCD-A145-2367BE8733CC}.Debug|Any CPU.Build.0 = Debug|Any CPU
		{F6893F6F-703C-4DCD-A145-2367BE8733CC}.Release|Any CPU.ActiveCfg = Release|Any CPU
		{F6893F6F-703C-4DCD-A145-2367BE8733CC}.Release|Any CPU.Build.0 = Release|Any CPU
	EndGlobalSection
	GlobalSection(SolutionProperties) = preSolution
		HideSolutionNode = FALSE
	EndGlobalSection
	GlobalSection(ExtensibilityGlobals) = postSolution
		SolutionGuid = {4561F70D-0B82-4CFE-BC21-35916E88542F}
	EndGlobalSection
EndGlobal
